// !$*UTF8*$!
{
	archiveVersion = 1;
	classes = {
	};
	objectVersion = 50;
	objects = {

/* Begin PBXBuildFile section */
		AFDE053D249D0BF100F40443 /* AppDelegate.swift in Sources */ = {isa = PBXBuildFile; fileRef = AFDE053C249D0BF100F40443 /* AppDelegate.swift */; };
		AFDE053F249D0BF100F40443 /* SceneDelegate.swift in Sources */ = {isa = PBXBuildFile; fileRef = AFDE053E249D0BF100F40443 /* SceneDelegate.swift */; };
		AFDE0541249D0BF100F40443 /* ViewController.swift in Sources */ = {isa = PBXBuildFile; fileRef = AFDE0540249D0BF100F40443 /* ViewController.swift */; };
		AFDE0544249D0BF100F40443 /* Main.storyboard in Resources */ = {isa = PBXBuildFile; fileRef = AFDE0542249D0BF100F40443 /* Main.storyboard */; };
		AFDE0546249D0C0300F40443 /* Assets.xcassets in Resources */ = {isa = PBXBuildFile; fileRef = AFDE0545249D0C0300F40443 /* Assets.xcassets */; };
		AFDE0549249D0C0300F40443 /* LaunchScreen.storyboard in Resources */ = {isa = PBXBuildFile; fileRef = AFDE0547249D0C0300F40443 /* LaunchScreen.storyboard */; };
/* End PBXBuildFile section */

/* Begin PBXFileReference section */
		AFDE0539249D0BF100F40443 /* ViewProperties.app */ = {isa = PBXFileReference; explicitFileType = wrapper.application; includeInIndex = 0; path = ViewProperties.app; sourceTree = BUILT_PRODUCTS_DIR; };
		AFDE053C249D0BF100F40443 /* AppDelegate.swift */ = {isa = PBXFileReference; lastKnownFileType = sourcecode.swift; path = AppDelegate.swift; sourceTree = "<group>"; };
		AFDE053E249D0BF100F40443 /* SceneDelegate.swift */ = {isa = PBXFileReference; lastKnownFileType = sourcecode.swift; path = SceneDelegate.swift; sourceTree = "<group>"; };
		AFDE0540249D0BF100F40443 /* ViewController.swift */ = {isa = PBXFileReference; lastKnownFileType = sourcecode.swift; path = ViewController.swift; sourceTree = "<group>"; };
		AFDE0543249D0BF100F40443 /* Base */ = {isa = PBXFileReference; lastKnownFileType = file.storyboard; name = Base; path = Base.lproj/Main.storyboard; sourceTree = "<group>"; };
		AFDE0545249D0C0300F40443 /* Assets.xcassets */ = {isa = PBXFileReference; lastKnownFileType = folder.assetcatalog; path = Assets.xcassets; sourceTree = "<group>"; };
		AFDE0548249D0C0300F40443 /* Base */ = {isa = PBXFileReference; lastKnownFileType = file.storyboard; name = Base; path = Base.lproj/LaunchScreen.storyboard; sourceTree = "<group>"; };
		AFDE054A249D0C0300F40443 /* Info.plist */ = {isa = PBXFileReference; lastKnownFileType = text.plist.xml; path = Info.plist; sourceTree = "<group>"; };
/* End PBXFileReference section */

/* Begin PBXFrameworksBuildPhase section */
		AFDE0536249D0BF100F40443 /* Frameworks */ = {
			isa = PBXFrameworksBuildPhase;
			buildActionMask = 2147483647;
			files = (
			);
			runOnlyForDeploymentPostprocessing = 0;
		};
/* End PBXFrameworksBuildPhase section */

/* Begin PBXGroup section */
		AFDE0530249D0BF100F40443 = {
			isa = PBXGroup;
			children = (
				AFDE053B249D0BF100F40443 /* ViewProperties */,
				AFDE053A249D0BF100F40443 /* Products */,
			);
			sourceTree = "<group>";
		};
		AFDE053A249D0BF100F40443 /* Products */ = {
			isa = PBXGroup;
			children = (
				AFDE0539249D0BF100F40443 /* ViewProperties.app */,
			);
			name = Products;
			sourceTree = "<group>";
		};
		AFDE053B249D0BF100F40443 /* ViewProperties */ = {
			isa = PBXGroup;
			children = (
				AFDE053C249D0BF100F40443 /* AppDelegate.swift */,
				AFDE053E249D0BF100F40443 /* SceneDelegate.swift */,
				AFDE0540249D0BF100F40443 /* ViewController.swift */,
				AFDE0542249D0BF100F40443 /* Main.storyboard */,
				AFDE0545249D0C0300F40443 /* Assets.xcassets */,
				AFDE0547249D0C0300F40443 /* LaunchScreen.storyboard */,
				AFDE054A249D0C0300F40443 /* Info.plist */,
			);
			path = ViewProperties;
			sourceTree = "<group>";
		};
/* End PBXGroup section */

/* Begin PBXNativeTarget section */
		AFDE0538249D0BF100F40443 /* ViewProperties */ = {
			isa = PBXNativeTarget;
			buildConfigurationList = AFDE054D249D0C0300F40443 /* Build configuration list for PBXNativeTarget "ViewProperties" */;
			buildPhases = (
				AFDE0535249D0BF100F40443 /* Sources */,
				AFDE0536249D0BF100F40443 /* Frameworks */,
				AFDE0537249D0BF100F40443 /* Resources */,
			);
			buildRules = (
			);
			dependencies = (
			);
			name = ViewProperties;
			productName = ViewProperties;
			productReference = AFDE0539249D0BF100F40443 /* ViewProperties.app */;
			productType = "com.apple.product-type.application";
		};
/* End PBXNativeTarget section */

/* Begin PBXProject section */
		AFDE0531249D0BF100F40443 /* Project object */ = {
			isa = PBXProject;
			attributes = {
				LastSwiftUpdateCheck = 1150;
				LastUpgradeCheck = 1150;
				ORGANIZATIONNAME = "Shishir Ahmed";
				TargetAttributes = {
					AFDE0538249D0BF100F40443 = {
						CreatedOnToolsVersion = 11.5;
					};
				};
			};
			buildConfigurationList = AFDE0534249D0BF100F40443 /* Build configuration list for PBXProject "ViewProperties" */;
			compatibilityVersion = "Xcode 9.3";
			developmentRegion = en;
			hasScannedForEncodings = 0;
			knownRegions = (
				en,
				Base,
			);
			mainGroup = AFDE0530249D0BF100F40443;
			productRefGroup = AFDE053A249D0BF100F40443 /* Products */;
			projectDirPath = "";
			projectRoot = "";
			targets = (
				AFDE0538249D0BF100F40443 /* ViewProperties */,
			);
		};
/* End PBXProject section */

/* Begin PBXResourcesBuildPhase section */
		AFDE0537249D0BF100F40443 /* Resources */ = {
			isa = PBXResourcesBuildPhase;
			buildActionMask = 2147483647;
			files = (
				AFDE0549249D0C0300F40443 /* LaunchScreen.storyboard in Resources */,
				AFDE0546249D0C0300F40443 /* Assets.xcassets in Resources */,
				AFDE0544249D0BF100F40443 /* Main.storyboard in Resources */,
			);
			runOnlyForDeploymentPostprocessing = 0;
		};
/* End PBXResourcesBuildPhase section */

/* Begin PBXSourcesBuildPhase section */
		AFDE0535249D0BF100F40443 /* Sources */ = {
			isa = PBXSourcesBuildPhase;
			buildActionMask = 2147483647;
			files = (
				AFDE0541249D0BF100F40443 /* ViewController.swift in Sources */,
				AFDE053D249D0BF100F40443 /* AppDelegate.swift in Sources */,
				AFDE053F249D0BF100F40443 /* SceneDelegate.swift in Sources */,
			);
			runOnlyForDeploymentPostprocessing = 0;
		};
/* End PBXSourcesBuildPhase section */

/* Begin PBXVariantGroup section */
		AFDE0542249D0BF100F40443 /* Main.storyboard */ = {
			isa = PBXVariantGroup;
			children = (
				AFDE0543249D0BF100F40443 /* Base */,
			);
			name = Main.storyboard;
			sourceTree = "<group>";
		};
		AFDE0547249D0C0300F40443 /* LaunchScreen.storyboard */ = {
			isa = PBXVariantGroup;
			children = (
				AFDE0548249D0C0300F40443 /* Base */,
			);
			name = LaunchScreen.storyboard;
			sourceTree = "<group>";
		};
/* End PBXVariantGroup section */

/* Begin XCBuildConfiguration section */
		AFDE054B249D0C0300F40443 /* Debug */ = {
			isa = XCBuildConfiguration;
			buildSettings = {
				ALWAYS_SEARCH_USER_PATHS = NO;
				CLANG_ANALYZER_NONNULL = YES;
				CLANG_ANALYZER_NUMBER_OBJECT_CONVERSION = YES_AGGRESSIVE;
				CLANG_CXX_LANGUAGE_STANDARD = "gnu++14";
				CLANG_CXX_LIBRARY = "libc++";
				CLANG_ENABLE_MODULES = YES;
				CLANG_ENABLE_OBJC_ARC = YES;
				CLANG_ENABLE_OBJC_WEAK = YES;
				CLANG_WARN_BLOCK_CAPTURE_AUTORELEASING = YES;
				CLANG_WARN_BOOL_CONVERSION = YES;
				CLANG_WARN_COMMA = YES;
				CLANG_WARN_CONSTANT_CONVERSION = YES;
				CLANG_WARN_DEPRECATED_OBJC_IMPLEMENTATIONS = YES;
				CLANG_WARN_DIRECT_OBJC_ISA_USAGE = YES_ERROR;
				CLANG_WARN_DOCUMENTATION_COMMENTS = YES;
				CLANG_WARN_EMPTY_BODY = YES;
				CLANG_WARN_ENUM_CONVERSION = YES;
				CLANG_WARN_INFINITE_RECURSION = YES;
				CLANG_WARN_INT_CONVERSION = YES;
				CLANG_WARN_NON_LITERAL_NULL_CONVERSION = YES;
				CLANG_WARN_OBJC_IMPLICIT_RETAIN_SELF = YES;
				CLANG_WARN_OBJC_LITERAL_CONVERSION = YES;
				CLANG_WARN_OBJC_ROOT_CLASS = YES_ERROR;
				CLANG_WARN_RANGE_LOOP_ANALYSIS = YES;
				CLANG_WARN_STRICT_PROTOTYPES = YES;
				CLANG_WARN_SUSPICIOUS_MOVE = YES;
				CLANG_WARN_UNGUARDED_AVAILABILITY = YES_AGGRESSIVE;
				CLANG_WARN_UNREACHABLE_CODE = YES;
				CLANG_WARN__DUPLICATE_METHOD_MATCH = YES;
				COPY_PHASE_STRIP = NO;
				DEBUG_INFORMATION_FORMAT = dwarf;
				ENABLE_STRICT_OBJC_MSGSEND = YES;
				ENABLE_TESTABILITY = YES;
				GCC_C_LANGUAGE_STANDARD = gnu11;
				GCC_DYNAMIC_NO_PIC = NO;
				GCC_NO_COMMON_BLOCKS = YES;
				GCC_OPTIMIZATION_LEVEL = 0;
				GCC_PREPROCESSOR_DEFINITIONS = (
					"DEBUG=1",
					"$(inherited)",
				);
				GCC_WARN_64_TO_32_BIT_CONVERSION = YES;
				GCC_WARN_ABOUT_RETURN_TYPE = YES_ERROR;
				GCC_WARN_UNDECLARED_SELECTOR = YES;
				GCC_WARN_UNINITIALIZED_AUTOS = YES_AGGRESSIVE;
				GCC_WARN_UNUSED_FUNCTION = YES;
				GCC_WARN_UNUSED_VARIABLE = YES;
				IPHONEOS_DEPLOYMENT_TARGET = 13.5;
				MTL_ENABLE_DEBUG_INFO = INCLUDE_SOURCE;
				MTL_FAST_MATH = YES;
				ONLY_ACTIVE_ARCH = YES;
				SDKROOT = iphoneos;
				SWIFT_ACTIVE_COMPILATION_CONDITIONS = DEBUG;
				SWIFT_OPTIMIZATION_LEVEL = "-Onone";
			};
			name = Debug;
		};
		AFDE054C249D0C0300F40443 /* Release */ = {
			isa = XCBuildConfiguration;
			buildSettings = {
				ALWAYS_SEARCH_USER_PATHS = NO;
				CLANG_ANALYZER_NONNULL = YES;
				CLANG_ANALYZER_NUMBER_OBJECT_CONVERSION = YES_AGGRESSIVE;
				CLANG_CXX_LANGUAGE_STANDARD = "gnu++14";
				CLANG_CXX_LIBRARY = "libc++";
				CLANG_ENABLE_MODULES = YES;
				CLANG_ENABLE_OBJC_ARC = YES;
				CLANG_ENABLE_OBJC_WEAK = YES;
				CLANG_WARN_BLOCK_CAPTURE_AUTORELEASING = YES;
				CLANG_WARN_BOOL_CONVERSION = YES;
				CLANG_WARN_COMMA = YES;
				CLANG_WARN_CONSTANT_CONVERSION = YES;
				CLANG_WARN_DEPRECATED_OBJC_IMPLEMENTATIONS = YES;
				CLANG_WARN_DIRECT_OBJC_ISA_USAGE = YES_ERROR;
				CLANG_WARN_DOCUMENTATION_COMMENTS = YES;
				CLANG_WARN_EMPTY_BODY = YES;
				CLANG_WARN_ENUM_CONVERSION = YES;
				CLANG_WARN_INFINITE_RECURSION = YES;
				CLANG_WARN_INT_CONVERSION = YES;
				CLANG_WARN_NON_LITERAL_NULL_CONVERSION = YES;
				CLANG_WARN_OBJC_IMPLICIT_RETAIN_SELF = YES;
				CLANG_WARN_OBJC_LITERAL_CONVERSION = YES;
				CLANG_WARN_OBJC_ROOT_CLASS = YES_ERROR;
				CLANG_WARN_RANGE_LOOP_ANALYSIS = YES;
				CLANG_WARN_STRICT_PROTOTYPES = YES;
				CLANG_WARN_SUSPICIOUS_MOVE = YES;
				CLANG_WARN_UNGUARDED_AVAILABILITY = YES_AGGRESSIVE;
				CLANG_WARN_UNREACHABLE_CODE = YES;
				CLANG_WARN__DUPLICATE_METHOD_MATCH = YES;
				COPY_PHASE_STRIP = NO;
				DEBUG_INFORMATION_FORMAT = "dwarf-with-dsym";
				ENABLE_NS_ASSERTIONS = NO;
				ENABLE_STRICT_OBJC_MSGSEND = YES;
				GCC_C_LANGUAGE_STANDARD = gnu11;
				GCC_NO_COMMON_BLOCKS = YES;
				GCC_WARN_64_TO_32_BIT_CONVERSION = YES;
				GCC_WARN_ABOUT_RETURN_TYPE = YES_ERROR;
				GCC_WARN_UNDECLARED_SELECTOR = YES;
				GCC_WARN_UNINITIALIZED_AUTOS = YES_AGGRESSIVE;
				GCC_WARN_UNUSED_FUNCTION = YES;
				GCC_WARN_UNUSED_VARIABLE = YES;
				IPHONEOS_DEPLOYMENT_TARGET = 13.5;
				MTL_ENABLE_DEBUG_INFO = NO;
				MTL_FAST_MATH = YES;
				SDKROOT = iphoneos;
				SWIFT_COMPILATION_MODE = wholemodule;
				SWIFT_OPTIMIZATION_LEVEL = "-O";
				VALIDATE_PRODUCT = YES;
			};
			name = Release;
		};
		AFDE054E249D0C0300F40443 /* Debug */ = {
			isa = XCBuildConfiguration;
			buildSettings = {
				ASSETCATALOG_COMPILER_APPICON_NAME = AppIcon;
				CODE_SIGN_STYLE = Automatic;
				DEVELOPMENT_TEAM = 5VHP26FZ76;
				INFOPLIST_FILE = ViewProperties/Info.plist;
				LD_RUNPATH_SEARCH_PATHS = (
					"$(inherited)",
					"@executable_path/Frameworks",
				);
				PRODUCT_BUNDLE_IDENTIFIER = xyz.shishir.ViewProperties;
				PRODUCT_NAME = "$(TARGET_NAME)";
				SWIFT_VERSION = 5.0;
				TARGETED_DEVICE_FAMILY = "1,2";
			};
			name = Debug;
		};
		AFDE054F249D0C0300F40443 /* Release */ = {
			isa = XCBuildConfiguration;
			buildSettings = {
				ASSETCATALOG_COMPILER_APPICON_NAME = AppIcon;
				CODE_SIGN_STYLE = Automatic;
				DEVELOPMENT_TEAM = 5VHP26FZ76;
				INFOPLIST_FILE = ViewProperties/Info.plist;
				LD_RUNPATH_SEARCH_PATHS = (
					"$(inherited)",
					"@executable_path/Frameworks",
				);
				PRODUCT_BUNDLE_IDENTIFIER = xyz.shishir.ViewProperties;
				PRODUCT_NAME = "$(TARGET_NAME)";
				SWIFT_VERSION = 5.0;
				TARGETED_DEVICE_FAMILY = "1,2";
			};
			name = Release;
		};
/* End XCBuildConfiguration section */

/* Begin XCConfigurationList section */
		AFDE0534249D0BF100F40443 /* Build configuration list for PBXProject "ViewProperties" */ = {
			isa = XCConfigurationList;
			buildConfigurations = (
				AFDE054B249D0C0300F40443 /* Debug */,
				AFDE054C249D0C0300F40443 /* Release */,
			);
			defaultConfigurationIsVisible = 0;
			defaultConfigurationName = Release;
		};
		AFDE054D249D0C0300F40443 /* Build configuration list for PBXNativeTarget "ViewProperties" */ = {
			isa = XCConfigurationList;
			buildConfigurations = (
				AFDE054E249D0C0300F40443 /* Debug */,
				AFDE054F249D0C0300F40443 /* Release */,
			);
			defaultConfigurationIsVisible = 0;
			defaultConfigurationName = Release;
		};
/* End XCConfigurationList section */
	};
	rootObject = AFDE0531249D0BF100F40443 /* Project object */;
}
